<?xml version="1.0" encoding="UTF-8" standalone="yes" ?>
<CodeBlocks_project_file>
	<FileVersion major="1" minor="6" />
	<Project>
		<Option title="ncii" />
		<Option pch_mode="2" />
		<Option compiler="gcc" />
		<Build>
			<Target title="Debug">
				<Option output="bin/Debug/ncii" prefix_auto="1" extension_auto="1" />
				<Option object_output="obj/Debug/" />
				<Option type="1" />
				<Option compiler="gcc" />
				<Option parameters="-v O2,temp,salt,v,u -a -p 1026.5,1027.1 data/test.nc data/pycnocline.nc" />
				<Compiler>
					<Add option="-Wall" />
					<Add option="-g" />
				</Compiler>
			</Target>
			<Target title="Release">
				<Option output="bin/Release/ncii" prefix_auto="1" extension_auto="1" />
				<Option object_output="obj/Release/" />
				<Option type="1" />
				<Option compiler="gcc" />
				<Compiler>
					<Add option="-O2" />
				</Compiler>
				<Linker>
					<Add option="-s" />
				</Linker>
			</Target>
		</Build>
		<Compiler>
			<Add option="-Wall" />
			<Add option="-fexceptions" />
			<Add option="-Iinclude" />
		</Compiler>
		<Linker>
			<Add option="-lnetcdf_c++4" />
			<Add option="-lm" />
			<Add option="-lnetcdf" />
		</Linker>
		<Unit filename="include/cxxopts.hpp" />
		<Unit filename="include/interpolation.hpp" />
		<Unit filename="include/nc_data.hpp" />
		<Unit filename="include/rho.hpp" />
		<Unit filename="src/interpolation.cpp" />
		<Unit filename="src/main.cpp" />
		<Unit filename="src/nc_data.cpp" />
		<Unit filename="src/rho.cpp" />
		<Extensions />
	</Project>
</CodeBlocks_project_file>
